// !$*UTF8*$!
{
	archiveVersion = 1;
	classes = {
	};
	objectVersion = 55;
	objects = {

/* Begin PBXBuildFile section */
		47E1F423769A08F3CC7C5C29 /* Pods_OpenAPI.framework in Frameworks */ = {isa = PBXBuildFile; fileRef = A475701ADE198E4849119E4D /* Pods_OpenAPI.framework */; };
		767E41182892787600AFFFBE /* AppDelegate.swift in Sources */ = {isa = PBXBuildFile; fileRef = 767E41172892787600AFFFBE /* AppDelegate.swift */; };
		767E411A2892787600AFFFBE /* SceneDelegate.swift in Sources */ = {isa = PBXBuildFile; fileRef = 767E41192892787600AFFFBE /* SceneDelegate.swift */; };
		767E411C2892787600AFFFBE /* HomeViewController.swift in Sources */ = {isa = PBXBuildFile; fileRef = 767E411B2892787600AFFFBE /* HomeViewController.swift */; };
		767E411F2892787600AFFFBE /* Main.storyboard in Resources */ = {isa = PBXBuildFile; fileRef = 767E411D2892787600AFFFBE /* Main.storyboard */; };
		767E41212892787700AFFFBE /* Assets.xcassets in Resources */ = {isa = PBXBuildFile; fileRef = 767E41202892787700AFFFBE /* Assets.xcassets */; };
		767E41242892787800AFFFBE /* LaunchScreen.storyboard in Resources */ = {isa = PBXBuildFile; fileRef = 767E41222892787800AFFFBE /* LaunchScreen.storyboard */; };
		767E412E28928B7900AFFFBE /* Address.swift in Sources */ = {isa = PBXBuildFile; fileRef = 767E412D28928B7900AFFFBE /* Address.swift */; };
		767E413028928B8F00AFFFBE /* API.swift in Sources */ = {isa = PBXBuildFile; fileRef = 767E412F28928B8F00AFFFBE /* API.swift */; };
		767E413528928E9D00AFFFBE /* Movie.swift in Sources */ = {isa = PBXBuildFile; fileRef = 767E413428928E9D00AFFFBE /* Movie.swift */; };
		767E41712895380700AFFFBE /* Detail.swift in Sources */ = {isa = PBXBuildFile; fileRef = 767E41702895380700AFFFBE /* Detail.swift */; };
		767E417328953AA600AFFFBE /* ResponseMovie.swift in Sources */ = {isa = PBXBuildFile; fileRef = 767E417228953AA600AFFFBE /* ResponseMovie.swift */; };
		767E417528953B9700AFFFBE /* ResponseDetail.swift in Sources */ = {isa = PBXBuildFile; fileRef = 767E417428953B9700AFFFBE /* ResponseDetail.swift */; };
		767E41792895497000AFFFBE /* BaseViewController.swift in Sources */ = {isa = PBXBuildFile; fileRef = 767E41782895497000AFFFBE /* BaseViewController.swift */; };
		767E417B28954A0200AFFFBE /* MyViewController.swift in Sources */ = {isa = PBXBuildFile; fileRef = 767E417A28954A0200AFFFBE /* MyViewController.swift */; };
		767E417D28954A0B00AFFFBE /* LoginViewController.swift in Sources */ = {isa = PBXBuildFile; fileRef = 767E417C28954A0B00AFFFBE /* LoginViewController.swift */; };
		767E41832895510600AFFFBE /* TopCollectionViewCell.swift in Sources */ = {isa = PBXBuildFile; fileRef = 767E41812895510600AFFFBE /* TopCollectionViewCell.swift */; };
		767E41842895510600AFFFBE /* TopCollectionViewCell.xib in Resources */ = {isa = PBXBuildFile; fileRef = 767E41822895510600AFFFBE /* TopCollectionViewCell.xib */; };
/* End PBXBuildFile section */

/* Begin PBXFileReference section */
		40B388DBDB698D9FC67F6428 /* Pods-OpenAPI.release.xcconfig */ = {isa = PBXFileReference; includeInIndex = 1; lastKnownFileType = text.xcconfig; name = "Pods-OpenAPI.release.xcconfig"; path = "Target Support Files/Pods-OpenAPI/Pods-OpenAPI.release.xcconfig"; sourceTree = "<group>"; };
		5ADBE7E517E040FFA5CB668B /* Pods-OpenAPI.debug.xcconfig */ = {isa = PBXFileReference; includeInIndex = 1; lastKnownFileType = text.xcconfig; name = "Pods-OpenAPI.debug.xcconfig"; path = "Target Support Files/Pods-OpenAPI/Pods-OpenAPI.debug.xcconfig"; sourceTree = "<group>"; };
		767E41142892787600AFFFBE /* OpenAPI.app */ = {isa = PBXFileReference; explicitFileType = wrapper.application; includeInIndex = 0; path = OpenAPI.app; sourceTree = BUILT_PRODUCTS_DIR; };
		767E41172892787600AFFFBE /* AppDelegate.swift */ = {isa = PBXFileReference; lastKnownFileType = sourcecode.swift; path = AppDelegate.swift; sourceTree = "<group>"; };
		767E41192892787600AFFFBE /* SceneDelegate.swift */ = {isa = PBXFileReference; lastKnownFileType = sourcecode.swift; path = SceneDelegate.swift; sourceTree = "<group>"; };
		767E411B2892787600AFFFBE /* HomeViewController.swift */ = {isa = PBXFileReference; lastKnownFileType = sourcecode.swift; path = HomeViewController.swift; sourceTree = "<group>"; };
		767E411E2892787600AFFFBE /* Base */ = {isa = PBXFileReference; lastKnownFileType = file.storyboard; name = Base; path = Base.lproj/Main.storyboard; sourceTree = "<group>"; };
		767E41202892787700AFFFBE /* Assets.xcassets */ = {isa = PBXFileReference; lastKnownFileType = folder.assetcatalog; path = Assets.xcassets; sourceTree = "<group>"; };
		767E41232892787800AFFFBE /* Base */ = {isa = PBXFileReference; lastKnownFileType = file.storyboard; name = Base; path = Base.lproj/LaunchScreen.storyboard; sourceTree = "<group>"; };
		767E41252892787800AFFFBE /* Info.plist */ = {isa = PBXFileReference; lastKnownFileType = text.plist.xml; path = Info.plist; sourceTree = "<group>"; };
		767E412D28928B7900AFFFBE /* Address.swift */ = {isa = PBXFileReference; lastKnownFileType = sourcecode.swift; path = Address.swift; sourceTree = "<group>"; };
		767E412F28928B8F00AFFFBE /* API.swift */ = {isa = PBXFileReference; lastKnownFileType = sourcecode.swift; path = API.swift; sourceTree = "<group>"; };
		767E413428928E9D00AFFFBE /* Movie.swift */ = {isa = PBXFileReference; lastKnownFileType = sourcecode.swift; path = Movie.swift; sourceTree = "<group>"; };
		767E41702895380700AFFFBE /* Detail.swift */ = {isa = PBXFileReference; lastKnownFileType = sourcecode.swift; path = Detail.swift; sourceTree = "<group>"; };
		767E417228953AA600AFFFBE /* ResponseMovie.swift */ = {isa = PBXFileReference; lastKnownFileType = sourcecode.swift; path = ResponseMovie.swift; sourceTree = "<group>"; };
		767E417428953B9700AFFFBE /* ResponseDetail.swift */ = {isa = PBXFileReference; lastKnownFileType = sourcecode.swift; path = ResponseDetail.swift; sourceTree = "<group>"; };
		767E41782895497000AFFFBE /* BaseViewController.swift */ = {isa = PBXFileReference; lastKnownFileType = sourcecode.swift; path = BaseViewController.swift; sourceTree = "<group>"; };
		767E417A28954A0200AFFFBE /* MyViewController.swift */ = {isa = PBXFileReference; lastKnownFileType = sourcecode.swift; path = MyViewController.swift; sourceTree = "<group>"; };
		767E417C28954A0B00AFFFBE /* LoginViewController.swift */ = {isa = PBXFileReference; lastKnownFileType = sourcecode.swift; path = LoginViewController.swift; sourceTree = "<group>"; };
		767E41812895510600AFFFBE /* TopCollectionViewCell.swift */ = {isa = PBXFileReference; lastKnownFileType = sourcecode.swift; path = TopCollectionViewCell.swift; sourceTree = "<group>"; };
		767E41822895510600AFFFBE /* TopCollectionViewCell.xib */ = {isa = PBXFileReference; lastKnownFileType = file.xib; path = TopCollectionViewCell.xib; sourceTree = "<group>"; };
		A475701ADE198E4849119E4D /* Pods_OpenAPI.framework */ = {isa = PBXFileReference; explicitFileType = wrapper.framework; includeInIndex = 0; path = Pods_OpenAPI.framework; sourceTree = BUILT_PRODUCTS_DIR; };
/* End PBXFileReference section */

/* Begin PBXFrameworksBuildPhase section */
		767E41112892787600AFFFBE /* Frameworks */ = {
			isa = PBXFrameworksBuildPhase;
			buildActionMask = 2147483647;
			files = (
				47E1F423769A08F3CC7C5C29 /* Pods_OpenAPI.framework in Frameworks */,
			);
			runOnlyForDeploymentPostprocessing = 0;
		};
/* End PBXFrameworksBuildPhase section */

/* Begin PBXGroup section */
		0F1CB6C1B03ABE4D3F7CFBF7 /* Frameworks */ = {
			isa = PBXGroup;
			children = (
				A475701ADE198E4849119E4D /* Pods_OpenAPI.framework */,
			);
			name = Frameworks;
			sourceTree = "<group>";
		};
		5B4552063E7E4246F0D0D0B2 /* Pods */ = {
			isa = PBXGroup;
			children = (
				5ADBE7E517E040FFA5CB668B /* Pods-OpenAPI.debug.xcconfig */,
				40B388DBDB698D9FC67F6428 /* Pods-OpenAPI.release.xcconfig */,
			);
			path = Pods;
			sourceTree = "<group>";
		};
		767E410B2892787600AFFFBE = {
			isa = PBXGroup;
			children = (
				767E41162892787600AFFFBE /* OpenAPI */,
				767E41152892787600AFFFBE /* Products */,
				5B4552063E7E4246F0D0D0B2 /* Pods */,
				0F1CB6C1B03ABE4D3F7CFBF7 /* Frameworks */,
			);
			sourceTree = "<group>";
		};
		767E41152892787600AFFFBE /* Products */ = {
			isa = PBXGroup;
			children = (
				767E41142892787600AFFFBE /* OpenAPI.app */,
			);
			name = Products;
			sourceTree = "<group>";
		};
		767E41162892787600AFFFBE /* OpenAPI */ = {
			isa = PBXGroup;
			children = (
				767E413328928E8C00AFFFBE /* Model */,
				767E412C28928B6A00AFFFBE /* Networking */,
				767E418028954FD200AFFFBE /* Cells */,
				767E412B28927C4800AFFFBE /* Controllers */,
				767E41172892787600AFFFBE /* AppDelegate.swift */,
				767E41192892787600AFFFBE /* SceneDelegate.swift */,
				767E411D2892787600AFFFBE /* Main.storyboard */,
				767E41202892787700AFFFBE /* Assets.xcassets */,
				767E41222892787800AFFFBE /* LaunchScreen.storyboard */,
				767E41252892787800AFFFBE /* Info.plist */,
			);
			path = OpenAPI;
			sourceTree = "<group>";
		};
		767E412B28927C4800AFFFBE /* Controllers */ = {
			isa = PBXGroup;
			children = (
				767E41782895497000AFFFBE /* BaseViewController.swift */,
				767E411B2892787600AFFFBE /* HomeViewController.swift */,
				767E417A28954A0200AFFFBE /* MyViewController.swift */,
				767E417C28954A0B00AFFFBE /* LoginViewController.swift */,
			);
			path = Controllers;
			sourceTree = "<group>";
		};
		767E412C28928B6A00AFFFBE /* Networking */ = {
			isa = PBXGroup;
			children = (
				767E412D28928B7900AFFFBE /* Address.swift */,
				767E412F28928B8F00AFFFBE /* API.swift */,
			);
			path = Networking;
			sourceTree = "<group>";
		};
		767E413328928E8C00AFFFBE /* Model */ = {
			isa = PBXGroup;
			children = (
				767E417228953AA600AFFFBE /* ResponseMovie.swift */,
				767E417428953B9700AFFFBE /* ResponseDetail.swift */,
				767E413428928E9D00AFFFBE /* Movie.swift */,
				767E41702895380700AFFFBE /* Detail.swift */,
			);
			path = Model;
			sourceTree = "<group>";
		};
		767E418028954FD200AFFFBE /* Cells */ = {
			isa = PBXGroup;
			children = (
				767E41812895510600AFFFBE /* TopCollectionViewCell.swift */,
				767E41822895510600AFFFBE /* TopCollectionViewCell.xib */,
			);
			path = Cells;
			sourceTree = "<group>";
		};
/* End PBXGroup section */

/* Begin PBXNativeTarget section */
		767E41132892787600AFFFBE /* OpenAPI */ = {
			isa = PBXNativeTarget;
			buildConfigurationList = 767E41282892787800AFFFBE /* Build configuration list for PBXNativeTarget "OpenAPI" */;
			buildPhases = (
				FE53C299D3CF65F20C8F9139 /* [CP] Check Pods Manifest.lock */,
				767E41102892787600AFFFBE /* Sources */,
				767E41112892787600AFFFBE /* Frameworks */,
				767E41122892787600AFFFBE /* Resources */,
				04DD64D2DD0EA00C4EA249F8 /* [CP] Embed Pods Frameworks */,
			);
			buildRules = (
			);
			dependencies = (
			);
			name = OpenAPI;
			productName = OpenAPI;
			productReference = 767E41142892787600AFFFBE /* OpenAPI.app */;
			productType = "com.apple.product-type.application";
		};
/* End PBXNativeTarget section */

/* Begin PBXProject section */
		767E410C2892787600AFFFBE /* Project object */ = {
			isa = PBXProject;
			attributes = {
				BuildIndependentTargetsInParallel = 1;
				LastSwiftUpdateCheck = 1340;
				LastUpgradeCheck = 1340;
				TargetAttributes = {
					767E41132892787600AFFFBE = {
						CreatedOnToolsVersion = 13.4.1;
					};
				};
			};
			buildConfigurationList = 767E410F2892787600AFFFBE /* Build configuration list for PBXProject "OpenAPI" */;
			compatibilityVersion = "Xcode 13.0";
			developmentRegion = en;
			hasScannedForEncodings = 0;
			knownRegions = (
				en,
				Base,
			);
			mainGroup = 767E410B2892787600AFFFBE;
			productRefGroup = 767E41152892787600AFFFBE /* Products */;
			projectDirPath = "";
			projectRoot = "";
			targets = (
				767E41132892787600AFFFBE /* OpenAPI */,
			);
		};
/* End PBXProject section */

/* Begin PBXResourcesBuildPhase section */
		767E41122892787600AFFFBE /* Resources */ = {
			isa = PBXResourcesBuildPhase;
			buildActionMask = 2147483647;
			files = (
				767E41842895510600AFFFBE /* TopCollectionViewCell.xib in Resources */,
				767E41242892787800AFFFBE /* LaunchScreen.storyboard in Resources */,
				767E41212892787700AFFFBE /* Assets.xcassets in Resources */,
				767E411F2892787600AFFFBE /* Main.storyboard in Resources */,
			);
			runOnlyForDeploymentPostprocessing = 0;
		};
/* End PBXResourcesBuildPhase section */

/* Begin PBXShellScriptBuildPhase section */
		04DD64D2DD0EA00C4EA249F8 /* [CP] Embed Pods Frameworks */ = {
			isa = PBXShellScriptBuildPhase;
			buildActionMask = 2147483647;
			files = (
			);
			inputFileListPaths = (
				"${PODS_ROOT}/Target Support Files/Pods-OpenAPI/Pods-OpenAPI-frameworks-${CONFIGURATION}-input-files.xcfilelist",
			);
			name = "[CP] Embed Pods Frameworks";
			outputFileListPaths = (
				"${PODS_ROOT}/Target Support Files/Pods-OpenAPI/Pods-OpenAPI-frameworks-${CONFIGURATION}-output-files.xcfilelist",
			);
			runOnlyForDeploymentPostprocessing = 0;
			shellPath = /bin/sh;
			shellScript = "\"${PODS_ROOT}/Target Support Files/Pods-OpenAPI/Pods-OpenAPI-frameworks.sh\"\n";
			showEnvVarsInLog = 0;
		};
		FE53C299D3CF65F20C8F9139 /* [CP] Check Pods Manifest.lock */ = {
			isa = PBXShellScriptBuildPhase;
			buildActionMask = 2147483647;
			files = (
			);
			inputFileListPaths = (
			);
			inputPaths = (
				"${PODS_PODFILE_DIR_PATH}/Podfile.lock",
				"${PODS_ROOT}/Manifest.lock",
			);
			name = "[CP] Check Pods Manifest.lock";
			outputFileListPaths = (
			);
			outputPaths = (
				"$(DERIVED_FILE_DIR)/Pods-OpenAPI-checkManifestLockResult.txt",
			);
			runOnlyForDeploymentPostprocessing = 0;
			shellPath = /bin/sh;
			shellScript = "diff \"${PODS_PODFILE_DIR_PATH}/Podfile.lock\" \"${PODS_ROOT}/Manifest.lock\" > /dev/null\nif [ $? != 0 ] ; then\n    # print error to STDERR\n    echo \"error: The sandbox is not in sync with the Podfile.lock. Run 'pod install' or update your CocoaPods installation.\" >&2\n    exit 1\nfi\n# This output is used by Xcode 'outputs' to avoid re-running this script phase.\necho \"SUCCESS\" > \"${SCRIPT_OUTPUT_FILE_0}\"\n";
			showEnvVarsInLog = 0;
		};
/* End PBXShellScriptBuildPhase section */

/* Begin PBXSourcesBuildPhase section */
		767E41102892787600AFFFBE /* Sources */ = {
			isa = PBXSourcesBuildPhase;
			buildActionMask = 2147483647;
			files = (
				767E41832895510600AFFFBE /* TopCollectionViewCell.swift in Sources */,
				767E417D28954A0B00AFFFBE /* LoginViewController.swift in Sources */,
				767E413528928E9D00AFFFBE /* Movie.swift in Sources */,
				767E417528953B9700AFFFBE /* ResponseDetail.swift in Sources */,
				767E411C2892787600AFFFBE /* HomeViewController.swift in Sources */,
				767E41712895380700AFFFBE /* Detail.swift in Sources */,
				767E41182892787600AFFFBE /* AppDelegate.swift in Sources */,
				767E41792895497000AFFFBE /* BaseViewController.swift in Sources */,
				767E417B28954A0200AFFFBE /* MyViewController.swift in Sources */,
				767E412E28928B7900AFFFBE /* Address.swift in Sources */,
				767E411A2892787600AFFFBE /* SceneDelegate.swift in Sources */,
				767E417328953AA600AFFFBE /* ResponseMovie.swift in Sources */,
				767E413028928B8F00AFFFBE /* API.swift in Sources */,
			);
			runOnlyForDeploymentPostprocessing = 0;
		};
/* End PBXSourcesBuildPhase section */

/* Begin PBXVariantGroup section */
		767E411D2892787600AFFFBE /* Main.storyboard */ = {
			isa = PBXVariantGroup;
			children = (
				767E411E2892787600AFFFBE /* Base */,
			);
			name = Main.storyboard;
			sourceTree = "<group>";
		};
		767E41222892787800AFFFBE /* LaunchScreen.storyboard */ = {
			isa = PBXVariantGroup;
			children = (
				767E41232892787800AFFFBE /* Base */,
			);
			name = LaunchScreen.storyboard;
			sourceTree = "<group>";
		};
/* End PBXVariantGroup section */

/* Begin XCBuildConfiguration section */
		767E41262892787800AFFFBE /* Debug */ = {
			isa = XCBuildConfiguration;
			buildSettings = {
				ALWAYS_SEARCH_USER_PATHS = NO;
				CLANG_ANALYZER_NONNULL = YES;
				CLANG_ANALYZER_NUMBER_OBJECT_CONVERSION = YES_AGGRESSIVE;
				CLANG_CXX_LANGUAGE_STANDARD = "gnu++17";
				CLANG_ENABLE_MODULES = YES;
				CLANG_ENABLE_OBJC_ARC = YES;
				CLANG_ENABLE_OBJC_WEAK = YES;
				CLANG_WARN_BLOCK_CAPTURE_AUTORELEASING = YES;
				CLANG_WARN_BOOL_CONVERSION = YES;
				CLANG_WARN_COMMA = YES;
				CLANG_WARN_CONSTANT_CONVERSION = YES;
				CLANG_WARN_DEPRECATED_OBJC_IMPLEMENTATIONS = YES;
				CLANG_WARN_DIRECT_OBJC_ISA_USAGE = YES_ERROR;
				CLANG_WARN_DOCUMENTATION_COMMENTS = YES;
				CLANG_WARN_EMPTY_BODY = YES;
				CLANG_WARN_ENUM_CONVERSION = YES;
				CLANG_WARN_INFINITE_RECURSION = YES;
				CLANG_WARN_INT_CONVERSION = YES;
				CLANG_WARN_NON_LITERAL_NULL_CONVERSION = YES;
				CLANG_WARN_OBJC_IMPLICIT_RETAIN_SELF = YES;
				CLANG_WARN_OBJC_LITERAL_CONVERSION = YES;
				CLANG_WARN_OBJC_ROOT_CLASS = YES_ERROR;
				CLANG_WARN_QUOTED_INCLUDE_IN_FRAMEWORK_HEADER = YES;
				CLANG_WARN_RANGE_LOOP_ANALYSIS = YES;
				CLANG_WARN_STRICT_PROTOTYPES = YES;
				CLANG_WARN_SUSPICIOUS_MOVE = YES;
				CLANG_WARN_UNGUARDED_AVAILABILITY = YES_AGGRESSIVE;
				CLANG_WARN_UNREACHABLE_CODE = YES;
				CLANG_WARN__DUPLICATE_METHOD_MATCH = YES;
				COPY_PHASE_STRIP = NO;
				DEBUG_INFORMATION_FORMAT = dwarf;
				ENABLE_STRICT_OBJC_MSGSEND = YES;
				ENABLE_TESTABILITY = YES;
				GCC_C_LANGUAGE_STANDARD = gnu11;
				GCC_DYNAMIC_NO_PIC = NO;
				GCC_NO_COMMON_BLOCKS = YES;
				GCC_OPTIMIZATION_LEVEL = 0;
				GCC_PREPROCESSOR_DEFINITIONS = (
					"DEBUG=1",
					"$(inherited)",
				);
				GCC_WARN_64_TO_32_BIT_CONVERSION = YES;
				GCC_WARN_ABOUT_RETURN_TYPE = YES_ERROR;
				GCC_WARN_UNDECLARED_SELECTOR = YES;
				GCC_WARN_UNINITIALIZED_AUTOS = YES_AGGRESSIVE;
				GCC_WARN_UNUSED_FUNCTION = YES;
				GCC_WARN_UNUSED_VARIABLE = YES;
				IPHONEOS_DEPLOYMENT_TARGET = 15.5;
				MTL_ENABLE_DEBUG_INFO = INCLUDE_SOURCE;
				MTL_FAST_MATH = YES;
				ONLY_ACTIVE_ARCH = YES;
				SDKROOT = iphoneos;
				SWIFT_ACTIVE_COMPILATION_CONDITIONS = DEBUG;
				SWIFT_OPTIMIZATION_LEVEL = "-Onone";
			};
			name = Debug;
		};
		767E41272892787800AFFFBE /* Release */ = {
			isa = XCBuildConfiguration;
			buildSettings = {
				ALWAYS_SEARCH_USER_PATHS = NO;
				CLANG_ANALYZER_NONNULL = YES;
				CLANG_ANALYZER_NUMBER_OBJECT_CONVERSION = YES_AGGRESSIVE;
				CLANG_CXX_LANGUAGE_STANDARD = "gnu++17";
				CLANG_ENABLE_MODULES = YES;
				CLANG_ENABLE_OBJC_ARC = YES;
				CLANG_ENABLE_OBJC_WEAK = YES;
				CLANG_WARN_BLOCK_CAPTURE_AUTORELEASING = YES;
				CLANG_WARN_BOOL_CONVERSION = YES;
				CLANG_WARN_COMMA = YES;
				CLANG_WARN_CONSTANT_CONVERSION = YES;
				CLANG_WARN_DEPRECATED_OBJC_IMPLEMENTATIONS = YES;
				CLANG_WARN_DIRECT_OBJC_ISA_USAGE = YES_ERROR;
				CLANG_WARN_DOCUMENTATION_COMMENTS = YES;
				CLANG_WARN_EMPTY_BODY = YES;
				CLANG_WARN_ENUM_CONVERSION = YES;
				CLANG_WARN_INFINITE_RECURSION = YES;
				CLANG_WARN_INT_CONVERSION = YES;
				CLANG_WARN_NON_LITERAL_NULL_CONVERSION = YES;
				CLANG_WARN_OBJC_IMPLICIT_RETAIN_SELF = YES;
				CLANG_WARN_OBJC_LITERAL_CONVERSION = YES;
				CLANG_WARN_OBJC_ROOT_CLASS = YES_ERROR;
				CLANG_WARN_QUOTED_INCLUDE_IN_FRAMEWORK_HEADER = YES;
				CLANG_WARN_RANGE_LOOP_ANALYSIS = YES;
				CLANG_WARN_STRICT_PROTOTYPES = YES;
				CLANG_WARN_SUSPICIOUS_MOVE = YES;
				CLANG_WARN_UNGUARDED_AVAILABILITY = YES_AGGRESSIVE;
				CLANG_WARN_UNREACHABLE_CODE = YES;
				CLANG_WARN__DUPLICATE_METHOD_MATCH = YES;
				COPY_PHASE_STRIP = NO;
				DEBUG_INFORMATION_FORMAT = "dwarf-with-dsym";
				ENABLE_NS_ASSERTIONS = NO;
				ENABLE_STRICT_OBJC_MSGSEND = YES;
				GCC_C_LANGUAGE_STANDARD = gnu11;
				GCC_NO_COMMON_BLOCKS = YES;
				GCC_WARN_64_TO_32_BIT_CONVERSION = YES;
				GCC_WARN_ABOUT_RETURN_TYPE = YES_ERROR;
				GCC_WARN_UNDECLARED_SELECTOR = YES;
				GCC_WARN_UNINITIALIZED_AUTOS = YES_AGGRESSIVE;
				GCC_WARN_UNUSED_FUNCTION = YES;
				GCC_WARN_UNUSED_VARIABLE = YES;
				IPHONEOS_DEPLOYMENT_TARGET = 15.5;
				MTL_ENABLE_DEBUG_INFO = NO;
				MTL_FAST_MATH = YES;
				SDKROOT = iphoneos;
				SWIFT_COMPILATION_MODE = wholemodule;
				SWIFT_OPTIMIZATION_LEVEL = "-O";
				VALIDATE_PRODUCT = YES;
			};
			name = Release;
		};
		767E41292892787800AFFFBE /* Debug */ = {
			isa = XCBuildConfiguration;
			baseConfigurationReference = 5ADBE7E517E040FFA5CB668B /* Pods-OpenAPI.debug.xcconfig */;
			buildSettings = {
				ASSETCATALOG_COMPILER_APPICON_NAME = AppIcon;
				ASSETCATALOG_COMPILER_GLOBAL_ACCENT_COLOR_NAME = AccentColor;
				CODE_SIGN_STYLE = Automatic;
				CURRENT_PROJECT_VERSION = 1;
				DEVELOPMENT_TEAM = Y7PRM9H29K;
				GENERATE_INFOPLIST_FILE = YES;
				INFOPLIST_FILE = OpenAPI/Info.plist;
				INFOPLIST_KEY_UIApplicationSupportsIndirectInputEvents = YES;
				INFOPLIST_KEY_UILaunchStoryboardName = LaunchScreen;
				INFOPLIST_KEY_UIMainStoryboardFile = Main;
				INFOPLIST_KEY_UISupportedInterfaceOrientations_iPad = "UIInterfaceOrientationPortrait UIInterfaceOrientationPortraitUpsideDown UIInterfaceOrientationLandscapeLeft UIInterfaceOrientationLandscapeRight";
				INFOPLIST_KEY_UISupportedInterfaceOrientations_iPhone = "UIInterfaceOrientationPortrait UIInterfaceOrientationLandscapeLeft UIInterfaceOrientationLandscapeRight";
				LD_RUNPATH_SEARCH_PATHS = (
					"$(inherited)",
					"@executable_path/Frameworks",
				);
				MARKETING_VERSION = 1.0;
				PRODUCT_BUNDLE_IDENTIFIER = com.ojun.OpenAPI;
				PRODUCT_NAME = "$(TARGET_NAME)";
				SWIFT_EMIT_LOC_STRINGS = YES;
				SWIFT_VERSION = 5.0;
				TARGETED_DEVICE_FAMILY = "1,2";
			};
			name = Debug;
		};
		767E412A2892787800AFFFBE /* Release */ = {
			isa = XCBuildConfiguration;
			baseConfigurationReference = 40B388DBDB698D9FC67F6428 /* Pods-OpenAPI.release.xcconfig */;
			buildSettings = {
				ASSETCATALOG_COMPILER_APPICON_NAME = AppIcon;
				ASSETCATALOG_COMPILER_GLOBAL_ACCENT_COLOR_NAME = AccentColor;
				CODE_SIGN_STYLE = Automatic;
				CURRENT_PROJECT_VERSION = 1;
				DEVELOPMENT_TEAM = Y7PRM9H29K;
				GENERATE_INFOPLIST_FILE = YES;
				INFOPLIST_FILE = OpenAPI/Info.plist;
				INFOPLIST_KEY_UIApplicationSupportsIndirectInputEvents = YES;
				INFOPLIST_KEY_UILaunchStoryboardName = LaunchScreen;
				INFOPLIST_KEY_UIMainStoryboardFile = Main;
				INFOPLIST_KEY_UISupportedInterfaceOrientations_iPad = "UIInterfaceOrientationPortrait UIInterfaceOrientationPortraitUpsideDown UIInterfaceOrientationLandscapeLeft UIInterfaceOrientationLandscapeRight";
				INFOPLIST_KEY_UISupportedInterfaceOrientations_iPhone = "UIInterfaceOrientationPortrait UIInterfaceOrientationLandscapeLeft UIInterfaceOrientationLandscapeRight";
				LD_RUNPATH_SEARCH_PATHS = (
					"$(inherited)",
					"@executable_path/Frameworks",
				);
				MARKETING_VERSION = 1.0;
				PRODUCT_BUNDLE_IDENTIFIER = com.ojun.OpenAPI;
				PRODUCT_NAME = "$(TARGET_NAME)";
				SWIFT_EMIT_LOC_STRINGS = YES;
				SWIFT_VERSION = 5.0;
				TARGETED_DEVICE_FAMILY = "1,2";
			};
			name = Release;
		};
/* End XCBuildConfiguration section */

/* Begin XCConfigurationList section */
		767E410F2892787600AFFFBE /* Build configuration list for PBXProject "OpenAPI" */ = {
			isa = XCConfigurationList;
			buildConfigurations = (
				767E41262892787800AFFFBE /* Debug */,
				767E41272892787800AFFFBE /* Release */,
			);
			defaultConfigurationIsVisible = 0;
			defaultConfigurationName = Release;
		};
		767E41282892787800AFFFBE /* Build configuration list for PBXNativeTarget "OpenAPI" */ = {
			isa = XCConfigurationList;
			buildConfigurations = (
				767E41292892787800AFFFBE /* Debug */,
				767E412A2892787800AFFFBE /* Release */,
			);
			defaultConfigurationIsVisible = 0;
			defaultConfigurationName = Release;
		};
/* End XCConfigurationList section */
	};
	rootObject = 767E410C2892787600AFFFBE /* Project object */;
}
